// !$*UTF8*$!
{
	archiveVersion = 1;
	classes = {
	};
	objectVersion = 50;
	objects = {

/* Begin PBXBuildFile section */
		53AA60D924F63945003299FF /* NetworkServiceMock.swift in Sources */ = {isa = PBXBuildFile; fileRef = 53AA60D824F63945003299FF /* NetworkServiceMock.swift */; };
		53AA60DB24F63C16003299FF /* CoreDataServiceMock.swift in Sources */ = {isa = PBXBuildFile; fileRef = 53AA60DA24F63C16003299FF /* CoreDataServiceMock.swift */; };
		53B8A72824EAD23D00BE745D /* SearchRouter.swift in Sources */ = {isa = PBXBuildFile; fileRef = 53B8A72724EAD23D00BE745D /* SearchRouter.swift */; };
		53B8A72B24EAE40300BE745D /* CoreDataService.swift in Sources */ = {isa = PBXBuildFile; fileRef = 53B8A72A24EAE40300BE745D /* CoreDataService.swift */; };
		53B8A72D24EAE5F900BE745D /* PersistentContainerProvider.swift in Sources */ = {isa = PBXBuildFile; fileRef = 53B8A72C24EAE5F900BE745D /* PersistentContainerProvider.swift */; };
		53B8A73124EB1DE500BE745D /* GenresMapper.swift in Sources */ = {isa = PBXBuildFile; fileRef = 53B8A73024EB1DE500BE745D /* GenresMapper.swift */; };
		53B8A73924F0263100BE745D /* FavoritesInteractor.swift in Sources */ = {isa = PBXBuildFile; fileRef = 53B8A73824F0263100BE745D /* FavoritesInteractor.swift */; };
		53B8A73B24F0264000BE745D /* FavoritesPresenter.swift in Sources */ = {isa = PBXBuildFile; fileRef = 53B8A73A24F0264000BE745D /* FavoritesPresenter.swift */; };
		53B8A73D24F0265A00BE745D /* FavoritesViewController.swift in Sources */ = {isa = PBXBuildFile; fileRef = 53B8A73C24F0265A00BE745D /* FavoritesViewController.swift */; };
		53B8A73F24F0266A00BE745D /* FavoritesAssembly.swift in Sources */ = {isa = PBXBuildFile; fileRef = 53B8A73E24F0266A00BE745D /* FavoritesAssembly.swift */; };
		53B8A74124F0267500BE745D /* FavoritesRouter.swift in Sources */ = {isa = PBXBuildFile; fileRef = 53B8A74024F0267500BE745D /* FavoritesRouter.swift */; };
		53B8A74324F02E9A00BE745D /* FavoritesCellModel.swift in Sources */ = {isa = PBXBuildFile; fileRef = 53B8A74224F02E9A00BE745D /* FavoritesCellModel.swift */; };
		53B8A74624F02EE900BE745D /* FavoritesCell.swift in Sources */ = {isa = PBXBuildFile; fileRef = 53B8A74524F02EE900BE745D /* FavoritesCell.swift */; };
		53B8A74824F3A13400BE745D /* FavoritesMapper.swift in Sources */ = {isa = PBXBuildFile; fileRef = 53B8A74724F3A13400BE745D /* FavoritesMapper.swift */; };
		53B8A74A24F3A17E00BE745D /* FavoriteMovie.swift in Sources */ = {isa = PBXBuildFile; fileRef = 53B8A74924F3A17E00BE745D /* FavoriteMovie.swift */; };
		53B8A74D24F3A82F00BE745D /* FavoritesFormatter.swift in Sources */ = {isa = PBXBuildFile; fileRef = 53B8A74C24F3A82F00BE745D /* FavoritesFormatter.swift */; };
		53BF75F424AD362600526B3D /* AppDelegate.swift in Sources */ = {isa = PBXBuildFile; fileRef = 53BF75F324AD362600526B3D /* AppDelegate.swift */; };
		53BF75FE24AD362600526B3D /* MovieProject.xcdatamodeld in Sources */ = {isa = PBXBuildFile; fileRef = 53BF75FC24AD362600526B3D /* MovieProject.xcdatamodeld */; };
		53BF760024AD362800526B3D /* Assets.xcassets in Resources */ = {isa = PBXBuildFile; fileRef = 53BF75FF24AD362800526B3D /* Assets.xcassets */; };
		53BF760E24AD362800526B3D /* MovieProjectTests.swift in Sources */ = {isa = PBXBuildFile; fileRef = 53BF760D24AD362800526B3D /* MovieProjectTests.swift */; };
		53BF761924AD362800526B3D /* MovieProjectUITests.swift in Sources */ = {isa = PBXBuildFile; fileRef = 53BF761824AD362800526B3D /* MovieProjectUITests.swift */; };
		53E2625B24B54708008DAB35 /* NetworkService.swift in Sources */ = {isa = PBXBuildFile; fileRef = 53E2625A24B54708008DAB35 /* NetworkService.swift */; };
		53E2625D24B54C8A008DAB35 /* TMDBClient.swift in Sources */ = {isa = PBXBuildFile; fileRef = 53E2625C24B54C8A008DAB35 /* TMDBClient.swift */; };
		53E2625F24B56CAF008DAB35 /* TMDBRequest.swift in Sources */ = {isa = PBXBuildFile; fileRef = 53E2625E24B56CAF008DAB35 /* TMDBRequest.swift */; };
		53E2626124B5A02A008DAB35 /* TMDBResponse.swift in Sources */ = {isa = PBXBuildFile; fileRef = 53E2626024B5A02A008DAB35 /* TMDBResponse.swift */; };
		53E2630D24DA8B1F008DAB35 /* TrendingViewController.swift in Sources */ = {isa = PBXBuildFile; fileRef = 53E2630C24DA8B1F008DAB35 /* TrendingViewController.swift */; };
		53E2630F24DA8B40008DAB35 /* TrendingPresenter.swift in Sources */ = {isa = PBXBuildFile; fileRef = 53E2630E24DA8B40008DAB35 /* TrendingPresenter.swift */; };
		53E2631124DA8B5F008DAB35 /* TrendingInteractor.swift in Sources */ = {isa = PBXBuildFile; fileRef = 53E2631024DA8B5F008DAB35 /* TrendingInteractor.swift */; };
		53E2631424DA8F15008DAB35 /* TrendingAssembly.swift in Sources */ = {isa = PBXBuildFile; fileRef = 53E2631324DA8F15008DAB35 /* TrendingAssembly.swift */; };
		53E2631724DA90B4008DAB35 /* Movie.swift in Sources */ = {isa = PBXBuildFile; fileRef = 53E2631624DA90B4008DAB35 /* Movie.swift */; };
		53E2631B24DA9216008DAB35 /* MovieMapper.swift in Sources */ = {isa = PBXBuildFile; fileRef = 53E2631A24DA9216008DAB35 /* MovieMapper.swift */; };
		53E2631E24DA9AD2008DAB35 /* TrendingCell.swift in Sources */ = {isa = PBXBuildFile; fileRef = 53E2631D24DA9AD2008DAB35 /* TrendingCell.swift */; };
		53E2632024DA9B25008DAB35 /* TrendingCellModel.swift in Sources */ = {isa = PBXBuildFile; fileRef = 53E2631F24DA9B25008DAB35 /* TrendingCellModel.swift */; };
		53E2632224DA9D49008DAB35 /* TrendingCellModelFormatter.swift in Sources */ = {isa = PBXBuildFile; fileRef = 53E2632124DA9D49008DAB35 /* TrendingCellModelFormatter.swift */; };
		53E2632524DD4B8E008DAB35 /* UIImageView+Extensions.swift in Sources */ = {isa = PBXBuildFile; fileRef = 53E2632424DD4B8E008DAB35 /* UIImageView+Extensions.swift */; };
		53E2632A24E3072A008DAB35 /* TabBarAssembly.swift in Sources */ = {isa = PBXBuildFile; fileRef = 53E2632924E3072A008DAB35 /* TabBarAssembly.swift */; };
		53E2633124E3FD35008DAB35 /* DetailsInteractor.swift in Sources */ = {isa = PBXBuildFile; fileRef = 53E2633024E3FD35008DAB35 /* DetailsInteractor.swift */; };
		53E2633324E3FD57008DAB35 /* DetailsPresenter.swift in Sources */ = {isa = PBXBuildFile; fileRef = 53E2633224E3FD57008DAB35 /* DetailsPresenter.swift */; };
		53E2633524E3FD81008DAB35 /* DetailsViewController.swift in Sources */ = {isa = PBXBuildFile; fileRef = 53E2633424E3FD81008DAB35 /* DetailsViewController.swift */; };
		53E2633724E3FDA2008DAB35 /* DetailsAssembly.swift in Sources */ = {isa = PBXBuildFile; fileRef = 53E2633624E3FDA2008DAB35 /* DetailsAssembly.swift */; };
		53E2633A24E3FF69008DAB35 /* TrendingRouter.swift in Sources */ = {isa = PBXBuildFile; fileRef = 53E2633924E3FF69008DAB35 /* TrendingRouter.swift */; };
		53E2634124E44D06008DAB35 /* MovieDetails.swift in Sources */ = {isa = PBXBuildFile; fileRef = 53E2634024E44D06008DAB35 /* MovieDetails.swift */; };
		53E2634424E46071008DAB35 /* DetailsMapper.swift in Sources */ = {isa = PBXBuildFile; fileRef = 53E2634324E46071008DAB35 /* DetailsMapper.swift */; };
		53E2634724E592A5008DAB35 /* DetailsFormatter.swift in Sources */ = {isa = PBXBuildFile; fileRef = 53E2634624E592A5008DAB35 /* DetailsFormatter.swift */; };
		53E2635024E6BDF5008DAB35 /* SearchInteractor.swift in Sources */ = {isa = PBXBuildFile; fileRef = 53E2634F24E6BDF5008DAB35 /* SearchInteractor.swift */; };
		53E2635224E6BE02008DAB35 /* SearchPresenter.swift in Sources */ = {isa = PBXBuildFile; fileRef = 53E2635124E6BE02008DAB35 /* SearchPresenter.swift */; };
		53E2635424E6BE12008DAB35 /* SearchAssembly.swift in Sources */ = {isa = PBXBuildFile; fileRef = 53E2635324E6BE12008DAB35 /* SearchAssembly.swift */; };
		53E2635624E6C407008DAB35 /* SearchViewController.swift in Sources */ = {isa = PBXBuildFile; fileRef = 53E2635524E6C407008DAB35 /* SearchViewController.swift */; };
		53E2635F24E6FF98008DAB35 /* SearchCell.swift in Sources */ = {isa = PBXBuildFile; fileRef = 53E2635E24E6FF98008DAB35 /* SearchCell.swift */; };
		53E2636124E70123008DAB35 /* SearchCellModel.swift in Sources */ = {isa = PBXBuildFile; fileRef = 53E2636024E70123008DAB35 /* SearchCellModel.swift */; };
		53E2636324E707EB008DAB35 /* SearchFormatter.swift in Sources */ = {isa = PBXBuildFile; fileRef = 53E2636224E707EB008DAB35 /* SearchFormatter.swift */; };
/* End PBXBuildFile section */

/* Begin PBXContainerItemProxy section */
		53BF760A24AD362800526B3D /* PBXContainerItemProxy */ = {
			isa = PBXContainerItemProxy;
			containerPortal = 53BF75E824AD362600526B3D /* Project object */;
			proxyType = 1;
			remoteGlobalIDString = 53BF75EF24AD362600526B3D;
			remoteInfo = MovieProject;
		};
		53BF761524AD362800526B3D /* PBXContainerItemProxy */ = {
			isa = PBXContainerItemProxy;
			containerPortal = 53BF75E824AD362600526B3D /* Project object */;
			proxyType = 1;
			remoteGlobalIDString = 53BF75EF24AD362600526B3D;
			remoteInfo = MovieProject;
		};
/* End PBXContainerItemProxy section */

/* Begin PBXFileReference section */
		53AA60D824F63945003299FF /* NetworkServiceMock.swift */ = {isa = PBXFileReference; lastKnownFileType = sourcecode.swift; path = NetworkServiceMock.swift; sourceTree = "<group>"; };
		53AA60DA24F63C16003299FF /* CoreDataServiceMock.swift */ = {isa = PBXFileReference; lastKnownFileType = sourcecode.swift; path = CoreDataServiceMock.swift; sourceTree = "<group>"; };
		53B8A72724EAD23D00BE745D /* SearchRouter.swift */ = {isa = PBXFileReference; lastKnownFileType = sourcecode.swift; path = SearchRouter.swift; sourceTree = "<group>"; };
		53B8A72A24EAE40300BE745D /* CoreDataService.swift */ = {isa = PBXFileReference; lastKnownFileType = sourcecode.swift; path = CoreDataService.swift; sourceTree = "<group>"; };
		53B8A72C24EAE5F900BE745D /* PersistentContainerProvider.swift */ = {isa = PBXFileReference; lastKnownFileType = sourcecode.swift; path = PersistentContainerProvider.swift; sourceTree = "<group>"; };
		53B8A73024EB1DE500BE745D /* GenresMapper.swift */ = {isa = PBXFileReference; lastKnownFileType = sourcecode.swift; path = GenresMapper.swift; sourceTree = "<group>"; };
		53B8A73824F0263100BE745D /* FavoritesInteractor.swift */ = {isa = PBXFileReference; lastKnownFileType = sourcecode.swift; path = FavoritesInteractor.swift; sourceTree = "<group>"; };
		53B8A73A24F0264000BE745D /* FavoritesPresenter.swift */ = {isa = PBXFileReference; lastKnownFileType = sourcecode.swift; path = FavoritesPresenter.swift; sourceTree = "<group>"; };
		53B8A73C24F0265A00BE745D /* FavoritesViewController.swift */ = {isa = PBXFileReference; lastKnownFileType = sourcecode.swift; path = FavoritesViewController.swift; sourceTree = "<group>"; };
		53B8A73E24F0266A00BE745D /* FavoritesAssembly.swift */ = {isa = PBXFileReference; lastKnownFileType = sourcecode.swift; path = FavoritesAssembly.swift; sourceTree = "<group>"; };
		53B8A74024F0267500BE745D /* FavoritesRouter.swift */ = {isa = PBXFileReference; lastKnownFileType = sourcecode.swift; path = FavoritesRouter.swift; sourceTree = "<group>"; };
		53B8A74224F02E9A00BE745D /* FavoritesCellModel.swift */ = {isa = PBXFileReference; lastKnownFileType = sourcecode.swift; path = FavoritesCellModel.swift; sourceTree = "<group>"; };
		53B8A74524F02EE900BE745D /* FavoritesCell.swift */ = {isa = PBXFileReference; lastKnownFileType = sourcecode.swift; path = FavoritesCell.swift; sourceTree = "<group>"; };
		53B8A74724F3A13400BE745D /* FavoritesMapper.swift */ = {isa = PBXFileReference; lastKnownFileType = sourcecode.swift; path = FavoritesMapper.swift; sourceTree = "<group>"; };
		53B8A74924F3A17E00BE745D /* FavoriteMovie.swift */ = {isa = PBXFileReference; lastKnownFileType = sourcecode.swift; path = FavoriteMovie.swift; sourceTree = "<group>"; };
		53B8A74C24F3A82F00BE745D /* FavoritesFormatter.swift */ = {isa = PBXFileReference; lastKnownFileType = sourcecode.swift; path = FavoritesFormatter.swift; sourceTree = "<group>"; };
		53BF75F024AD362600526B3D /* MovieProject.app */ = {isa = PBXFileReference; explicitFileType = wrapper.application; includeInIndex = 0; path = MovieProject.app; sourceTree = BUILT_PRODUCTS_DIR; };
		53BF75F324AD362600526B3D /* AppDelegate.swift */ = {isa = PBXFileReference; lastKnownFileType = sourcecode.swift; path = AppDelegate.swift; sourceTree = "<group>"; };
		53BF75FD24AD362600526B3D /* MovieProject.xcdatamodel */ = {isa = PBXFileReference; lastKnownFileType = wrapper.xcdatamodel; path = MovieProject.xcdatamodel; sourceTree = "<group>"; };
		53BF75FF24AD362800526B3D /* Assets.xcassets */ = {isa = PBXFileReference; lastKnownFileType = folder.assetcatalog; path = Assets.xcassets; sourceTree = "<group>"; };
		53BF760424AD362800526B3D /* Info.plist */ = {isa = PBXFileReference; lastKnownFileType = text.plist.xml; path = Info.plist; sourceTree = "<group>"; };
		53BF760924AD362800526B3D /* MovieProjectTests.xctest */ = {isa = PBXFileReference; explicitFileType = wrapper.cfbundle; includeInIndex = 0; path = MovieProjectTests.xctest; sourceTree = BUILT_PRODUCTS_DIR; };
		53BF760D24AD362800526B3D /* MovieProjectTests.swift */ = {isa = PBXFileReference; lastKnownFileType = sourcecode.swift; path = MovieProjectTests.swift; sourceTree = "<group>"; };
		53BF760F24AD362800526B3D /* Info.plist */ = {isa = PBXFileReference; lastKnownFileType = text.plist.xml; path = Info.plist; sourceTree = "<group>"; };
		53BF761424AD362800526B3D /* MovieProjectUITests.xctest */ = {isa = PBXFileReference; explicitFileType = wrapper.cfbundle; includeInIndex = 0; path = MovieProjectUITests.xctest; sourceTree = BUILT_PRODUCTS_DIR; };
		53BF761824AD362800526B3D /* MovieProjectUITests.swift */ = {isa = PBXFileReference; lastKnownFileType = sourcecode.swift; path = MovieProjectUITests.swift; sourceTree = "<group>"; };
		53BF761A24AD362800526B3D /* Info.plist */ = {isa = PBXFileReference; lastKnownFileType = text.plist.xml; path = Info.plist; sourceTree = "<group>"; };
		53E2625A24B54708008DAB35 /* NetworkService.swift */ = {isa = PBXFileReference; lastKnownFileType = sourcecode.swift; path = NetworkService.swift; sourceTree = "<group>"; };
		53E2625C24B54C8A008DAB35 /* TMDBClient.swift */ = {isa = PBXFileReference; lastKnownFileType = sourcecode.swift; path = TMDBClient.swift; sourceTree = "<group>"; };
		53E2625E24B56CAF008DAB35 /* TMDBRequest.swift */ = {isa = PBXFileReference; lastKnownFileType = sourcecode.swift; path = TMDBRequest.swift; sourceTree = "<group>"; };
		53E2626024B5A02A008DAB35 /* TMDBResponse.swift */ = {isa = PBXFileReference; lastKnownFileType = sourcecode.swift; path = TMDBResponse.swift; sourceTree = "<group>"; };
		53E2630C24DA8B1F008DAB35 /* TrendingViewController.swift */ = {isa = PBXFileReference; lastKnownFileType = sourcecode.swift; path = TrendingViewController.swift; sourceTree = "<group>"; };
		53E2630E24DA8B40008DAB35 /* TrendingPresenter.swift */ = {isa = PBXFileReference; lastKnownFileType = sourcecode.swift; path = TrendingPresenter.swift; sourceTree = "<group>"; };
		53E2631024DA8B5F008DAB35 /* TrendingInteractor.swift */ = {isa = PBXFileReference; lastKnownFileType = sourcecode.swift; path = TrendingInteractor.swift; sourceTree = "<group>"; };
		53E2631324DA8F15008DAB35 /* TrendingAssembly.swift */ = {isa = PBXFileReference; lastKnownFileType = sourcecode.swift; path = TrendingAssembly.swift; sourceTree = "<group>"; };
		53E2631624DA90B4008DAB35 /* Movie.swift */ = {isa = PBXFileReference; lastKnownFileType = sourcecode.swift; path = Movie.swift; sourceTree = "<group>"; };
		53E2631A24DA9216008DAB35 /* MovieMapper.swift */ = {isa = PBXFileReference; lastKnownFileType = sourcecode.swift; path = MovieMapper.swift; sourceTree = "<group>"; };
		53E2631D24DA9AD2008DAB35 /* TrendingCell.swift */ = {isa = PBXFileReference; lastKnownFileType = sourcecode.swift; path = TrendingCell.swift; sourceTree = "<group>"; };
		53E2631F24DA9B25008DAB35 /* TrendingCellModel.swift */ = {isa = PBXFileReference; lastKnownFileType = sourcecode.swift; path = TrendingCellModel.swift; sourceTree = "<group>"; };
		53E2632124DA9D49008DAB35 /* TrendingCellModelFormatter.swift */ = {isa = PBXFileReference; lastKnownFileType = sourcecode.swift; path = TrendingCellModelFormatter.swift; sourceTree = "<group>"; };
		53E2632424DD4B8E008DAB35 /* UIImageView+Extensions.swift */ = {isa = PBXFileReference; lastKnownFileType = sourcecode.swift; path = "UIImageView+Extensions.swift"; sourceTree = "<group>"; };
		53E2632924E3072A008DAB35 /* TabBarAssembly.swift */ = {isa = PBXFileReference; lastKnownFileType = sourcecode.swift; path = TabBarAssembly.swift; sourceTree = "<group>"; };
		53E2633024E3FD35008DAB35 /* DetailsInteractor.swift */ = {isa = PBXFileReference; lastKnownFileType = sourcecode.swift; path = DetailsInteractor.swift; sourceTree = "<group>"; };
		53E2633224E3FD57008DAB35 /* DetailsPresenter.swift */ = {isa = PBXFileReference; lastKnownFileType = sourcecode.swift; path = DetailsPresenter.swift; sourceTree = "<group>"; };
		53E2633424E3FD81008DAB35 /* DetailsViewController.swift */ = {isa = PBXFileReference; lastKnownFileType = sourcecode.swift; path = DetailsViewController.swift; sourceTree = "<group>"; };
		53E2633624E3FDA2008DAB35 /* DetailsAssembly.swift */ = {isa = PBXFileReference; lastKnownFileType = sourcecode.swift; path = DetailsAssembly.swift; sourceTree = "<group>"; };
		53E2633924E3FF69008DAB35 /* TrendingRouter.swift */ = {isa = PBXFileReference; lastKnownFileType = sourcecode.swift; path = TrendingRouter.swift; sourceTree = "<group>"; };
		53E2634024E44D06008DAB35 /* MovieDetails.swift */ = {isa = PBXFileReference; lastKnownFileType = sourcecode.swift; path = MovieDetails.swift; sourceTree = "<group>"; };
		53E2634324E46071008DAB35 /* DetailsMapper.swift */ = {isa = PBXFileReference; lastKnownFileType = sourcecode.swift; path = DetailsMapper.swift; sourceTree = "<group>"; };
		53E2634624E592A5008DAB35 /* DetailsFormatter.swift */ = {isa = PBXFileReference; lastKnownFileType = sourcecode.swift; path = DetailsFormatter.swift; sourceTree = "<group>"; };
		53E2634F24E6BDF5008DAB35 /* SearchInteractor.swift */ = {isa = PBXFileReference; lastKnownFileType = sourcecode.swift; path = SearchInteractor.swift; sourceTree = "<group>"; };
		53E2635124E6BE02008DAB35 /* SearchPresenter.swift */ = {isa = PBXFileReference; lastKnownFileType = sourcecode.swift; path = SearchPresenter.swift; sourceTree = "<group>"; };
		53E2635324E6BE12008DAB35 /* SearchAssembly.swift */ = {isa = PBXFileReference; lastKnownFileType = sourcecode.swift; path = SearchAssembly.swift; sourceTree = "<group>"; };
		53E2635524E6C407008DAB35 /* SearchViewController.swift */ = {isa = PBXFileReference; lastKnownFileType = sourcecode.swift; path = SearchViewController.swift; sourceTree = "<group>"; };
		53E2635E24E6FF98008DAB35 /* SearchCell.swift */ = {isa = PBXFileReference; lastKnownFileType = sourcecode.swift; path = SearchCell.swift; sourceTree = "<group>"; };
		53E2636024E70123008DAB35 /* SearchCellModel.swift */ = {isa = PBXFileReference; lastKnownFileType = sourcecode.swift; path = SearchCellModel.swift; sourceTree = "<group>"; };
		53E2636224E707EB008DAB35 /* SearchFormatter.swift */ = {isa = PBXFileReference; lastKnownFileType = sourcecode.swift; path = SearchFormatter.swift; sourceTree = "<group>"; };
/* End PBXFileReference section */

/* Begin PBXFrameworksBuildPhase section */
		53BF75ED24AD362600526B3D /* Frameworks */ = {
			isa = PBXFrameworksBuildPhase;
			buildActionMask = 2147483647;
			files = (
			);
			runOnlyForDeploymentPostprocessing = 0;
		};
		53BF760624AD362800526B3D /* Frameworks */ = {
			isa = PBXFrameworksBuildPhase;
			buildActionMask = 2147483647;
			files = (
			);
			runOnlyForDeploymentPostprocessing = 0;
		};
		53BF761124AD362800526B3D /* Frameworks */ = {
			isa = PBXFrameworksBuildPhase;
			buildActionMask = 2147483647;
			files = (
			);
			runOnlyForDeploymentPostprocessing = 0;
		};
/* End PBXFrameworksBuildPhase section */

/* Begin PBXGroup section */
		53AA60D724F6392B003299FF /* Mocks */ = {
			isa = PBXGroup;
			children = (
				53AA60D824F63945003299FF /* NetworkServiceMock.swift */,
				53AA60DA24F63C16003299FF /* CoreDataServiceMock.swift */,
			);
			path = Mocks;
			sourceTree = "<group>";
		};
		53B8A72624EAD21A00BE745D /* Router */ = {
			isa = PBXGroup;
			children = (
				53B8A72724EAD23D00BE745D /* SearchRouter.swift */,
			);
			path = Router;
			sourceTree = "<group>";
		};
		53B8A72924EAE3E300BE745D /* CoreData */ = {
			isa = PBXGroup;
			children = (
				53B8A72A24EAE40300BE745D /* CoreDataService.swift */,
				53B8A72C24EAE5F900BE745D /* PersistentContainerProvider.swift */,
			);
			path = CoreData;
			sourceTree = "<group>";
		};
		53B8A73224F0259C00BE745D /* FavoritesScreen */ = {
			isa = PBXGroup;
			children = (
				53B8A73724F025D800BE745D /* Router */,
				53B8A73624F025CB00BE745D /* Assembly */,
				53B8A73524F025C500BE745D /* View */,
				53B8A73424F025BD00BE745D /* Presenter */,
				53B8A73324F025B200BE745D /* Interactor */,
				53B8A74924F3A17E00BE745D /* FavoriteMovie.swift */,
			);
			path = FavoritesScreen;
			sourceTree = "<group>";
		};
		53B8A73324F025B200BE745D /* Interactor */ = {
			isa = PBXGroup;
			children = (
				53B8A74B24F3A5E400BE745D /* Mapper */,
				53B8A73824F0263100BE745D /* FavoritesInteractor.swift */,
			);
			path = Interactor;
			sourceTree = "<group>";
		};
		53B8A73424F025BD00BE745D /* Presenter */ = {
			isa = PBXGroup;
			children = (
				53B8A74E24F3A91D00BE745D /* Formatter */,
				53B8A73A24F0264000BE745D /* FavoritesPresenter.swift */,
			);
			path = Presenter;
			sourceTree = "<group>";
		};
		53B8A73524F025C500BE745D /* View */ = {
			isa = PBXGroup;
			children = (
				53B8A74424F02ECE00BE745D /* Cell */,
				53B8A73C24F0265A00BE745D /* FavoritesViewController.swift */,
			);
			path = View;
			sourceTree = "<group>";
		};
		53B8A73624F025CB00BE745D /* Assembly */ = {
			isa = PBXGroup;
			children = (
				53B8A73E24F0266A00BE745D /* FavoritesAssembly.swift */,
			);
			path = Assembly;
			sourceTree = "<group>";
		};
		53B8A73724F025D800BE745D /* Router */ = {
			isa = PBXGroup;
			children = (
				53B8A74024F0267500BE745D /* FavoritesRouter.swift */,
			);
			path = Router;
			sourceTree = "<group>";
		};
		53B8A74424F02ECE00BE745D /* Cell */ = {
			isa = PBXGroup;
			children = (
				53B8A74224F02E9A00BE745D /* FavoritesCellModel.swift */,
				53B8A74524F02EE900BE745D /* FavoritesCell.swift */,
			);
			path = Cell;
			sourceTree = "<group>";
		};
		53B8A74B24F3A5E400BE745D /* Mapper */ = {
			isa = PBXGroup;
			children = (
				53B8A74724F3A13400BE745D /* FavoritesMapper.swift */,
			);
			path = Mapper;
			sourceTree = "<group>";
		};
		53B8A74E24F3A91D00BE745D /* Formatter */ = {
			isa = PBXGroup;
			children = (
				53B8A74C24F3A82F00BE745D /* FavoritesFormatter.swift */,
			);
			path = Formatter;
			sourceTree = "<group>";
		};
		53BF75E724AD362600526B3D = {
			isa = PBXGroup;
			children = (
				53BF75F224AD362600526B3D /* MovieProject */,
				53BF760C24AD362800526B3D /* MovieProjectTests */,
				53BF761724AD362800526B3D /* MovieProjectUITests */,
				53BF75F124AD362600526B3D /* Products */,
			);
			sourceTree = "<group>";
		};
		53BF75F124AD362600526B3D /* Products */ = {
			isa = PBXGroup;
			children = (
				53BF75F024AD362600526B3D /* MovieProject.app */,
				53BF760924AD362800526B3D /* MovieProjectTests.xctest */,
				53BF761424AD362800526B3D /* MovieProjectUITests.xctest */,
			);
			name = Products;
			sourceTree = "<group>";
		};
		53BF75F224AD362600526B3D /* MovieProject */ = {
			isa = PBXGroup;
			children = (
				53E2632324DD4AC3008DAB35 /* Extensions */,
				53E262B524C0CBE2008DAB35 /* Features */,
				53E262B424C0CB40008DAB35 /* Resources */,
				53E262B324C0CB27008DAB35 /* Service */,
				53E262B224C0CB04008DAB35 /* Application */,
				53BF760424AD362800526B3D /* Info.plist */,
				53BF75FC24AD362600526B3D /* MovieProject.xcdatamodeld */,
			);
			path = MovieProject;
			sourceTree = "<group>";
		};
		53BF760C24AD362800526B3D /* MovieProjectTests */ = {
			isa = PBXGroup;
			children = (
				53AA60D724F6392B003299FF /* Mocks */,
				53BF760D24AD362800526B3D /* MovieProjectTests.swift */,
				53BF760F24AD362800526B3D /* Info.plist */,
			);
			path = MovieProjectTests;
			sourceTree = "<group>";
		};
		53BF761724AD362800526B3D /* MovieProjectUITests */ = {
			isa = PBXGroup;
			children = (
				53BF761824AD362800526B3D /* MovieProjectUITests.swift */,
				53BF761A24AD362800526B3D /* Info.plist */,
			);
			path = MovieProjectUITests;
			sourceTree = "<group>";
		};
		53E2625924B546C7008DAB35 /* Network */ = {
			isa = PBXGroup;
			children = (
				53E2625A24B54708008DAB35 /* NetworkService.swift */,
				53E2625C24B54C8A008DAB35 /* TMDBClient.swift */,
				53E2625E24B56CAF008DAB35 /* TMDBRequest.swift */,
				53E2626024B5A02A008DAB35 /* TMDBResponse.swift */,
			);
			path = Network;
			sourceTree = "<group>";
		};
		53E262B224C0CB04008DAB35 /* Application */ = {
			isa = PBXGroup;
			children = (
				53BF75F324AD362600526B3D /* AppDelegate.swift */,
			);
			path = Application;
			sourceTree = "<group>";
		};
		53E262B324C0CB27008DAB35 /* Service */ = {
			isa = PBXGroup;
			children = (
				53B8A72924EAE3E300BE745D /* CoreData */,
				53E2625924B546C7008DAB35 /* Network */,
			);
			path = Service;
			sourceTree = "<group>";
		};
		53E262B424C0CB40008DAB35 /* Resources */ = {
			isa = PBXGroup;
			children = (
				53BF75FF24AD362800526B3D /* Assets.xcassets */,
			);
			path = Resources;
			sourceTree = "<group>";
		};
		53E262B524C0CBE2008DAB35 /* Features */ = {
			isa = PBXGroup;
			children = (
				53E2632624E30685008DAB35 /* TabBar */,
				53E2632B24E3FCDC008DAB35 /* DetailsScreen */,
				53E2634824E6BD37008DAB35 /* SearchScreen */,
				53E262B724C0CC0A008DAB35 /* TrendingScreen */,
				53B8A73224F0259C00BE745D /* FavoritesScreen */,
				53E2631824DA91C4008DAB35 /* Mapper */,
				53E2631524DA9096008DAB35 /* Model */,
			);
			path = Features;
			sourceTree = "<group>";
		};
		53E262B724C0CC0A008DAB35 /* TrendingScreen */ = {
			isa = PBXGroup;
			children = (
				53E2633824E3FF56008DAB35 /* Router */,
				53E2631224DA8EFB008DAB35 /* Assembly */,
				53E2630924DA8ADF008DAB35 /* View */,
				53E2630A24DA8AE9008DAB35 /* Presenter */,
				53E2630B24DA8AF2008DAB35 /* Interactor */,
			);
			path = TrendingScreen;
			sourceTree = "<group>";
		};
		53E2630924DA8ADF008DAB35 /* View */ = {
			isa = PBXGroup;
			children = (
				53E2631C24DA9AA4008DAB35 /* Cell */,
				53E2630C24DA8B1F008DAB35 /* TrendingViewController.swift */,
			);
			path = View;
			sourceTree = "<group>";
		};
		53E2630A24DA8AE9008DAB35 /* Presenter */ = {
			isa = PBXGroup;
			children = (
				53E2631924DA91DB008DAB35 /* Formatter */,
				53E2630E24DA8B40008DAB35 /* TrendingPresenter.swift */,
			);
			path = Presenter;
			sourceTree = "<group>";
		};
		53E2630B24DA8AF2008DAB35 /* Interactor */ = {
			isa = PBXGroup;
			children = (
				53E2631024DA8B5F008DAB35 /* TrendingInteractor.swift */,
			);
			path = Interactor;
			sourceTree = "<group>";
		};
		53E2631224DA8EFB008DAB35 /* Assembly */ = {
			isa = PBXGroup;
			children = (
				53E2631324DA8F15008DAB35 /* TrendingAssembly.swift */,
			);
			path = Assembly;
			sourceTree = "<group>";
		};
		53E2631524DA9096008DAB35 /* Model */ = {
			isa = PBXGroup;
			children = (
				53E2631624DA90B4008DAB35 /* Movie.swift */,
			);
			path = Model;
			sourceTree = "<group>";
		};
		53E2631824DA91C4008DAB35 /* Mapper */ = {
			isa = PBXGroup;
			children = (
				53E2631A24DA9216008DAB35 /* MovieMapper.swift */,
				53B8A73024EB1DE500BE745D /* GenresMapper.swift */,
			);
			path = Mapper;
			sourceTree = "<group>";
		};
		53E2631924DA91DB008DAB35 /* Formatter */ = {
			isa = PBXGroup;
			children = (
				53E2632124DA9D49008DAB35 /* TrendingCellModelFormatter.swift */,
			);
			path = Formatter;
			sourceTree = "<group>";
		};
		53E2631C24DA9AA4008DAB35 /* Cell */ = {
			isa = PBXGroup;
			children = (
				53E2631D24DA9AD2008DAB35 /* TrendingCell.swift */,
				53E2631F24DA9B25008DAB35 /* TrendingCellModel.swift */,
			);
			path = Cell;
			sourceTree = "<group>";
		};
		53E2632324DD4AC3008DAB35 /* Extensions */ = {
			isa = PBXGroup;
			children = (
				53E2632424DD4B8E008DAB35 /* UIImageView+Extensions.swift */,
			);
			path = Extensions;
			sourceTree = "<group>";
		};
		53E2632624E30685008DAB35 /* TabBar */ = {
			isa = PBXGroup;
			children = (
				53E2632924E3072A008DAB35 /* TabBarAssembly.swift */,
			);
			path = TabBar;
			sourceTree = "<group>";
		};
		53E2632B24E3FCDC008DAB35 /* DetailsScreen */ = {
			isa = PBXGroup;
			children = (
				53E2633F24E44CF8008DAB35 /* Model */,
				53E2632F24E3FD0B008DAB35 /* Assembly */,
				53E2632E24E3FD05008DAB35 /* View */,
				53E2632D24E3FCF7008DAB35 /* Presenter */,
				53E2632C24E3FCEE008DAB35 /* Interactor */,
			);
			path = DetailsScreen;
			sourceTree = "<group>";
		};
		53E2632C24E3FCEE008DAB35 /* Interactor */ = {
			isa = PBXGroup;
			children = (
				53E2634224E46059008DAB35 /* Mapper */,
				53E2633024E3FD35008DAB35 /* DetailsInteractor.swift */,
			);
			path = Interactor;
			sourceTree = "<group>";
		};
		53E2632D24E3FCF7008DAB35 /* Presenter */ = {
			isa = PBXGroup;
			children = (
				53E2634524E59295008DAB35 /* Formatter */,
				53E2633224E3FD57008DAB35 /* DetailsPresenter.swift */,
			);
			path = Presenter;
			sourceTree = "<group>";
		};
		53E2632E24E3FD05008DAB35 /* View */ = {
			isa = PBXGroup;
			children = (
				53E2633424E3FD81008DAB35 /* DetailsViewController.swift */,
			);
			path = View;
			sourceTree = "<group>";
		};
		53E2632F24E3FD0B008DAB35 /* Assembly */ = {
			isa = PBXGroup;
			children = (
				53E2633624E3FDA2008DAB35 /* DetailsAssembly.swift */,
			);
			path = Assembly;
			sourceTree = "<group>";
		};
		53E2633824E3FF56008DAB35 /* Router */ = {
			isa = PBXGroup;
			children = (
				53E2633924E3FF69008DAB35 /* TrendingRouter.swift */,
			);
			path = Router;
			sourceTree = "<group>";
		};
		53E2633F24E44CF8008DAB35 /* Model */ = {
			isa = PBXGroup;
			children = (
				53E2634024E44D06008DAB35 /* MovieDetails.swift */,
			);
			path = Model;
			sourceTree = "<group>";
		};
		53E2634224E46059008DAB35 /* Mapper */ = {
			isa = PBXGroup;
			children = (
				53E2634324E46071008DAB35 /* DetailsMapper.swift */,
			);
			path = Mapper;
			sourceTree = "<group>";
		};
		53E2634524E59295008DAB35 /* Formatter */ = {
			isa = PBXGroup;
			children = (
				53E2634624E592A5008DAB35 /* DetailsFormatter.swift */,
			);
			path = Formatter;
			sourceTree = "<group>";
		};
		53E2634824E6BD37008DAB35 /* SearchScreen */ = {
			isa = PBXGroup;
			children = (
				53B8A72624EAD21A00BE745D /* Router */,
				53E2634C24E6BDA5008DAB35 /* Assembly */,
				53E2634B24E6BD9C008DAB35 /* View */,
				53E2634A24E6BD8A008DAB35 /* Presenter */,
				53E2634924E6BD7E008DAB35 /* Interactor */,
			);
			path = SearchScreen;
			sourceTree = "<group>";
		};
		53E2634924E6BD7E008DAB35 /* Interactor */ = {
			isa = PBXGroup;
			children = (
				53E2634F24E6BDF5008DAB35 /* SearchInteractor.swift */,
			);
			path = Interactor;
			sourceTree = "<group>";
		};
		53E2634A24E6BD8A008DAB35 /* Presenter */ = {
			isa = PBXGroup;
			children = (
				53E2636424E71B79008DAB35 /* Formatter */,
				53E2635124E6BE02008DAB35 /* SearchPresenter.swift */,
			);
			path = Presenter;
			sourceTree = "<group>";
		};
		53E2634B24E6BD9C008DAB35 /* View */ = {
			isa = PBXGroup;
			children = (
				53E2635D24E6FF60008DAB35 /* Cell */,
				53E2635524E6C407008DAB35 /* SearchViewController.swift */,
			);
			path = View;
			sourceTree = "<group>";
		};
		53E2634C24E6BDA5008DAB35 /* Assembly */ = {
			isa = PBXGroup;
			children = (
				53E2635324E6BE12008DAB35 /* SearchAssembly.swift */,
			);
			path = Assembly;
			sourceTree = "<group>";
		};
		53E2635D24E6FF60008DAB35 /* Cell */ = {
			isa = PBXGroup;
			children = (
				53E2635E24E6FF98008DAB35 /* SearchCell.swift */,
				53E2636024E70123008DAB35 /* SearchCellModel.swift */,
			);
			path = Cell;
			sourceTree = "<group>";
		};
		53E2636424E71B79008DAB35 /* Formatter */ = {
			isa = PBXGroup;
			children = (
				53E2636224E707EB008DAB35 /* SearchFormatter.swift */,
			);
			path = Formatter;
			sourceTree = "<group>";
		};
/* End PBXGroup section */

/* Begin PBXNativeTarget section */
		53BF75EF24AD362600526B3D /* MovieProject */ = {
			isa = PBXNativeTarget;
			buildConfigurationList = 53BF761D24AD362800526B3D /* Build configuration list for PBXNativeTarget "MovieProject" */;
			buildPhases = (
				53BF75EC24AD362600526B3D /* Sources */,
				53BF75ED24AD362600526B3D /* Frameworks */,
				53BF75EE24AD362600526B3D /* Resources */,
			);
			buildRules = (
			);
			dependencies = (
			);
			name = MovieProject;
			productName = MovieProject;
			productReference = 53BF75F024AD362600526B3D /* MovieProject.app */;
			productType = "com.apple.product-type.application";
		};
		53BF760824AD362800526B3D /* MovieProjectTests */ = {
			isa = PBXNativeTarget;
			buildConfigurationList = 53BF762024AD362800526B3D /* Build configuration list for PBXNativeTarget "MovieProjectTests" */;
			buildPhases = (
				53BF760524AD362800526B3D /* Sources */,
				53BF760624AD362800526B3D /* Frameworks */,
				53BF760724AD362800526B3D /* Resources */,
			);
			buildRules = (
			);
			dependencies = (
				53BF760B24AD362800526B3D /* PBXTargetDependency */,
			);
			name = MovieProjectTests;
			productName = MovieProjectTests;
			productReference = 53BF760924AD362800526B3D /* MovieProjectTests.xctest */;
			productType = "com.apple.product-type.bundle.unit-test";
		};
		53BF761324AD362800526B3D /* MovieProjectUITests */ = {
			isa = PBXNativeTarget;
			buildConfigurationList = 53BF762324AD362800526B3D /* Build configuration list for PBXNativeTarget "MovieProjectUITests" */;
			buildPhases = (
				53BF761024AD362800526B3D /* Sources */,
				53BF761124AD362800526B3D /* Frameworks */,
				53BF761224AD362800526B3D /* Resources */,
			);
			buildRules = (
			);
			dependencies = (
				53BF761624AD362800526B3D /* PBXTargetDependency */,
			);
			name = MovieProjectUITests;
			productName = MovieProjectUITests;
			productReference = 53BF761424AD362800526B3D /* MovieProjectUITests.xctest */;
			productType = "com.apple.product-type.bundle.ui-testing";
		};
/* End PBXNativeTarget section */

/* Begin PBXProject section */
		53BF75E824AD362600526B3D /* Project object */ = {
			isa = PBXProject;
			attributes = {
				LastSwiftUpdateCheck = 1150;
				LastUpgradeCheck = 1150;
				ORGANIZATIONNAME = "Дмитрий Павлов";
				TargetAttributes = {
					53BF75EF24AD362600526B3D = {
						CreatedOnToolsVersion = 11.5;
					};
					53BF760824AD362800526B3D = {
						CreatedOnToolsVersion = 11.5;
						TestTargetID = 53BF75EF24AD362600526B3D;
					};
					53BF761324AD362800526B3D = {
						CreatedOnToolsVersion = 11.5;
						TestTargetID = 53BF75EF24AD362600526B3D;
					};
				};
			};
			buildConfigurationList = 53BF75EB24AD362600526B3D /* Build configuration list for PBXProject "MovieProject" */;
			compatibilityVersion = "Xcode 9.3";
			developmentRegion = en;
			hasScannedForEncodings = 0;
			knownRegions = (
				en,
				Base,
			);
			mainGroup = 53BF75E724AD362600526B3D;
			productRefGroup = 53BF75F124AD362600526B3D /* Products */;
			projectDirPath = "";
			projectRoot = "";
			targets = (
				53BF75EF24AD362600526B3D /* MovieProject */,
				53BF760824AD362800526B3D /* MovieProjectTests */,
				53BF761324AD362800526B3D /* MovieProjectUITests */,
			);
		};
/* End PBXProject section */

/* Begin PBXResourcesBuildPhase section */
		53BF75EE24AD362600526B3D /* Resources */ = {
			isa = PBXResourcesBuildPhase;
			buildActionMask = 2147483647;
			files = (
				53BF760024AD362800526B3D /* Assets.xcassets in Resources */,
			);
			runOnlyForDeploymentPostprocessing = 0;
		};
		53BF760724AD362800526B3D /* Resources */ = {
			isa = PBXResourcesBuildPhase;
			buildActionMask = 2147483647;
			files = (
			);
			runOnlyForDeploymentPostprocessing = 0;
		};
		53BF761224AD362800526B3D /* Resources */ = {
			isa = PBXResourcesBuildPhase;
			buildActionMask = 2147483647;
			files = (
			);
			runOnlyForDeploymentPostprocessing = 0;
		};
/* End PBXResourcesBuildPhase section */

/* Begin PBXSourcesBuildPhase section */
		53BF75EC24AD362600526B3D /* Sources */ = {
			isa = PBXSourcesBuildPhase;
			buildActionMask = 2147483647;
			files = (
				53E2635624E6C407008DAB35 /* SearchViewController.swift in Sources */,
				53E2635F24E6FF98008DAB35 /* SearchCell.swift in Sources */,
				53B8A73B24F0264000BE745D /* FavoritesPresenter.swift in Sources */,
				53E2631E24DA9AD2008DAB35 /* TrendingCell.swift in Sources */,
				53E2625B24B54708008DAB35 /* NetworkService.swift in Sources */,
				53E2630F24DA8B40008DAB35 /* TrendingPresenter.swift in Sources */,
				53B8A73F24F0266A00BE745D /* FavoritesAssembly.swift in Sources */,
				53B8A73124EB1DE500BE745D /* GenresMapper.swift in Sources */,
				53E2635024E6BDF5008DAB35 /* SearchInteractor.swift in Sources */,
				53E2631724DA90B4008DAB35 /* Movie.swift in Sources */,
				53B8A74A24F3A17E00BE745D /* FavoriteMovie.swift in Sources */,
				53B8A72B24EAE40300BE745D /* CoreDataService.swift in Sources */,
				53E2632524DD4B8E008DAB35 /* UIImageView+Extensions.swift in Sources */,
				53E2635224E6BE02008DAB35 /* SearchPresenter.swift in Sources */,
				53E2636324E707EB008DAB35 /* SearchFormatter.swift in Sources */,
				53B8A73924F0263100BE745D /* FavoritesInteractor.swift in Sources */,
				53E2631B24DA9216008DAB35 /* MovieMapper.swift in Sources */,
				53E2633124E3FD35008DAB35 /* DetailsInteractor.swift in Sources */,
				53B8A72D24EAE5F900BE745D /* PersistentContainerProvider.swift in Sources */,
				53E2633324E3FD57008DAB35 /* DetailsPresenter.swift in Sources */,
				53B8A73D24F0265A00BE745D /* FavoritesViewController.swift in Sources */,
				53E2630D24DA8B1F008DAB35 /* TrendingViewController.swift in Sources */,
				53B8A74624F02EE900BE745D /* FavoritesCell.swift in Sources */,
				53E2632224DA9D49008DAB35 /* TrendingCellModelFormatter.swift in Sources */,
				53E2631424DA8F15008DAB35 /* TrendingAssembly.swift in Sources */,
				53E2633524E3FD81008DAB35 /* DetailsViewController.swift in Sources */,
				53E2633A24E3FF69008DAB35 /* TrendingRouter.swift in Sources */,
				53B8A74824F3A13400BE745D /* FavoritesMapper.swift in Sources */,
				53E2634124E44D06008DAB35 /* MovieDetails.swift in Sources */,
				53BF75FE24AD362600526B3D /* MovieProject.xcdatamodeld in Sources */,
				53E2632A24E3072A008DAB35 /* TabBarAssembly.swift in Sources */,
				53E2626124B5A02A008DAB35 /* TMDBResponse.swift in Sources */,
				53E2625D24B54C8A008DAB35 /* TMDBClient.swift in Sources */,
				53B8A72824EAD23D00BE745D /* SearchRouter.swift in Sources */,
				53E2635424E6BE12008DAB35 /* SearchAssembly.swift in Sources */,
				53E2634424E46071008DAB35 /* DetailsMapper.swift in Sources */,
				53E2631124DA8B5F008DAB35 /* TrendingInteractor.swift in Sources */,
				53E2625F24B56CAF008DAB35 /* TMDBRequest.swift in Sources */,
				53B8A74124F0267500BE745D /* FavoritesRouter.swift in Sources */,
				53B8A74324F02E9A00BE745D /* FavoritesCellModel.swift in Sources */,
				53BF75F424AD362600526B3D /* AppDelegate.swift in Sources */,
				53E2634724E592A5008DAB35 /* DetailsFormatter.swift in Sources */,
				53E2636124E70123008DAB35 /* SearchCellModel.swift in Sources */,
				53E2633724E3FDA2008DAB35 /* DetailsAssembly.swift in Sources */,
				53B8A74D24F3A82F00BE745D /* FavoritesFormatter.swift in Sources */,
				53E2632024DA9B25008DAB35 /* TrendingCellModel.swift in Sources */,
			);
			runOnlyForDeploymentPostprocessing = 0;
		};
		53BF760524AD362800526B3D /* Sources */ = {
			isa = PBXSourcesBuildPhase;
			buildActionMask = 2147483647;
			files = (
				53AA60D924F63945003299FF /* NetworkServiceMock.swift in Sources */,
				53AA60DB24F63C16003299FF /* CoreDataServiceMock.swift in Sources */,
				53BF760E24AD362800526B3D /* MovieProjectTests.swift in Sources */,
			);
			runOnlyForDeploymentPostprocessing = 0;
		};
		53BF761024AD362800526B3D /* Sources */ = {
			isa = PBXSourcesBuildPhase;
			buildActionMask = 2147483647;
			files = (
				53BF761924AD362800526B3D /* MovieProjectUITests.swift in Sources */,
			);
			runOnlyForDeploymentPostprocessing = 0;
		};
/* End PBXSourcesBuildPhase section */

/* Begin PBXTargetDependency section */
		53BF760B24AD362800526B3D /* PBXTargetDependency */ = {
			isa = PBXTargetDependency;
			target = 53BF75EF24AD362600526B3D /* MovieProject */;
			targetProxy = 53BF760A24AD362800526B3D /* PBXContainerItemProxy */;
		};
		53BF761624AD362800526B3D /* PBXTargetDependency */ = {
			isa = PBXTargetDependency;
			target = 53BF75EF24AD362600526B3D /* MovieProject */;
			targetProxy = 53BF761524AD362800526B3D /* PBXContainerItemProxy */;
		};
/* End PBXTargetDependency section */

/* Begin XCBuildConfiguration section */
		53BF761B24AD362800526B3D /* Debug */ = {
			isa = XCBuildConfiguration;
			buildSettings = {
				ALWAYS_SEARCH_USER_PATHS = NO;
				CLANG_ANALYZER_NONNULL = YES;
				CLANG_ANALYZER_NUMBER_OBJECT_CONVERSION = YES_AGGRESSIVE;
				CLANG_CXX_LANGUAGE_STANDARD = "gnu++14";
				CLANG_CXX_LIBRARY = "libc++";
				CLANG_ENABLE_MODULES = YES;
				CLANG_ENABLE_OBJC_ARC = YES;
				CLANG_ENABLE_OBJC_WEAK = YES;
				CLANG_WARN_BLOCK_CAPTURE_AUTORELEASING = YES;
				CLANG_WARN_BOOL_CONVERSION = YES;
				CLANG_WARN_COMMA = YES;
				CLANG_WARN_CONSTANT_CONVERSION = YES;
				CLANG_WARN_DEPRECATED_OBJC_IMPLEMENTATIONS = YES;
				CLANG_WARN_DIRECT_OBJC_ISA_USAGE = YES_ERROR;
				CLANG_WARN_DOCUMENTATION_COMMENTS = YES;
				CLANG_WARN_EMPTY_BODY = YES;
				CLANG_WARN_ENUM_CONVERSION = YES;
				CLANG_WARN_INFINITE_RECURSION = YES;
				CLANG_WARN_INT_CONVERSION = YES;
				CLANG_WARN_NON_LITERAL_NULL_CONVERSION = YES;
				CLANG_WARN_OBJC_IMPLICIT_RETAIN_SELF = YES;
				CLANG_WARN_OBJC_LITERAL_CONVERSION = YES;
				CLANG_WARN_OBJC_ROOT_CLASS = YES_ERROR;
				CLANG_WARN_RANGE_LOOP_ANALYSIS = YES;
				CLANG_WARN_STRICT_PROTOTYPES = YES;
				CLANG_WARN_SUSPICIOUS_MOVE = YES;
				CLANG_WARN_UNGUARDED_AVAILABILITY = YES_AGGRESSIVE;
				CLANG_WARN_UNREACHABLE_CODE = YES;
				CLANG_WARN__DUPLICATE_METHOD_MATCH = YES;
				COPY_PHASE_STRIP = NO;
				DEBUG_INFORMATION_FORMAT = dwarf;
				ENABLE_STRICT_OBJC_MSGSEND = YES;
				ENABLE_TESTABILITY = YES;
				GCC_C_LANGUAGE_STANDARD = gnu11;
				GCC_DYNAMIC_NO_PIC = NO;
				GCC_NO_COMMON_BLOCKS = YES;
				GCC_OPTIMIZATION_LEVEL = 0;
				GCC_PREPROCESSOR_DEFINITIONS = (
					"DEBUG=1",
					"$(inherited)",
				);
				GCC_WARN_64_TO_32_BIT_CONVERSION = YES;
				GCC_WARN_ABOUT_RETURN_TYPE = YES_ERROR;
				GCC_WARN_UNDECLARED_SELECTOR = YES;
				GCC_WARN_UNINITIALIZED_AUTOS = YES_AGGRESSIVE;
				GCC_WARN_UNUSED_FUNCTION = YES;
				GCC_WARN_UNUSED_VARIABLE = YES;
				IPHONEOS_DEPLOYMENT_TARGET = 10.0;
				MTL_ENABLE_DEBUG_INFO = INCLUDE_SOURCE;
				MTL_FAST_MATH = YES;
				ONLY_ACTIVE_ARCH = YES;
				SDKROOT = iphoneos;
				SWIFT_ACTIVE_COMPILATION_CONDITIONS = DEBUG;
				SWIFT_OPTIMIZATION_LEVEL = "-Onone";
			};
			name = Debug;
		};
		53BF761C24AD362800526B3D /* Release */ = {
			isa = XCBuildConfiguration;
			buildSettings = {
				ALWAYS_SEARCH_USER_PATHS = NO;
				CLANG_ANALYZER_NONNULL = YES;
				CLANG_ANALYZER_NUMBER_OBJECT_CONVERSION = YES_AGGRESSIVE;
				CLANG_CXX_LANGUAGE_STANDARD = "gnu++14";
				CLANG_CXX_LIBRARY = "libc++";
				CLANG_ENABLE_MODULES = YES;
				CLANG_ENABLE_OBJC_ARC = YES;
				CLANG_ENABLE_OBJC_WEAK = YES;
				CLANG_WARN_BLOCK_CAPTURE_AUTORELEASING = YES;
				CLANG_WARN_BOOL_CONVERSION = YES;
				CLANG_WARN_COMMA = YES;
				CLANG_WARN_CONSTANT_CONVERSION = YES;
				CLANG_WARN_DEPRECATED_OBJC_IMPLEMENTATIONS = YES;
				CLANG_WARN_DIRECT_OBJC_ISA_USAGE = YES_ERROR;
				CLANG_WARN_DOCUMENTATION_COMMENTS = YES;
				CLANG_WARN_EMPTY_BODY = YES;
				CLANG_WARN_ENUM_CONVERSION = YES;
				CLANG_WARN_INFINITE_RECURSION = YES;
				CLANG_WARN_INT_CONVERSION = YES;
				CLANG_WARN_NON_LITERAL_NULL_CONVERSION = YES;
				CLANG_WARN_OBJC_IMPLICIT_RETAIN_SELF = YES;
				CLANG_WARN_OBJC_LITERAL_CONVERSION = YES;
				CLANG_WARN_OBJC_ROOT_CLASS = YES_ERROR;
				CLANG_WARN_RANGE_LOOP_ANALYSIS = YES;
				CLANG_WARN_STRICT_PROTOTYPES = YES;
				CLANG_WARN_SUSPICIOUS_MOVE = YES;
				CLANG_WARN_UNGUARDED_AVAILABILITY = YES_AGGRESSIVE;
				CLANG_WARN_UNREACHABLE_CODE = YES;
				CLANG_WARN__DUPLICATE_METHOD_MATCH = YES;
				COPY_PHASE_STRIP = NO;
				DEBUG_INFORMATION_FORMAT = "dwarf-with-dsym";
				ENABLE_NS_ASSERTIONS = NO;
				ENABLE_STRICT_OBJC_MSGSEND = YES;
				GCC_C_LANGUAGE_STANDARD = gnu11;
				GCC_NO_COMMON_BLOCKS = YES;
				GCC_WARN_64_TO_32_BIT_CONVERSION = YES;
				GCC_WARN_ABOUT_RETURN_TYPE = YES_ERROR;
				GCC_WARN_UNDECLARED_SELECTOR = YES;
				GCC_WARN_UNINITIALIZED_AUTOS = YES_AGGRESSIVE;
				GCC_WARN_UNUSED_FUNCTION = YES;
				GCC_WARN_UNUSED_VARIABLE = YES;
				IPHONEOS_DEPLOYMENT_TARGET = 10.0;
				MTL_ENABLE_DEBUG_INFO = NO;
				MTL_FAST_MATH = YES;
				SDKROOT = iphoneos;
				SWIFT_COMPILATION_MODE = wholemodule;
				SWIFT_OPTIMIZATION_LEVEL = "-O";
				VALIDATE_PRODUCT = YES;
			};
			name = Release;
		};
		53BF761E24AD362800526B3D /* Debug */ = {
			isa = XCBuildConfiguration;
			buildSettings = {
				ASSETCATALOG_COMPILER_APPICON_NAME = AppIcon;
				CODE_SIGN_STYLE = Automatic;
				INFOPLIST_FILE = MovieProject/Info.plist;
				IPHONEOS_DEPLOYMENT_TARGET = 10.0;
				LD_RUNPATH_SEARCH_PATHS = (
					"$(inherited)",
					"@executable_path/Frameworks",
				);
				PRODUCT_BUNDLE_IDENTIFIER = dapavlov.MovieProject;
				PRODUCT_NAME = "$(TARGET_NAME)";
				SWIFT_VERSION = 5.0;
				TARGETED_DEVICE_FAMILY = 1;
			};
			name = Debug;
		};
		53BF761F24AD362800526B3D /* Release */ = {
			isa = XCBuildConfiguration;
			buildSettings = {
				ASSETCATALOG_COMPILER_APPICON_NAME = AppIcon;
				CODE_SIGN_STYLE = Automatic;
				INFOPLIST_FILE = MovieProject/Info.plist;
				IPHONEOS_DEPLOYMENT_TARGET = 10.0;
				LD_RUNPATH_SEARCH_PATHS = (
					"$(inherited)",
					"@executable_path/Frameworks",
				);
				PRODUCT_BUNDLE_IDENTIFIER = dapavlov.MovieProject;
				PRODUCT_NAME = "$(TARGET_NAME)";
				SWIFT_VERSION = 5.0;
				TARGETED_DEVICE_FAMILY = 1;
			};
			name = Release;
		};
		53BF762124AD362800526B3D /* Debug */ = {
			isa = XCBuildConfiguration;
			buildSettings = {
				ALWAYS_EMBED_SWIFT_STANDARD_LIBRARIES = YES;
				BUNDLE_LOADER = "$(TEST_HOST)";
				CODE_SIGN_STYLE = Automatic;
				INFOPLIST_FILE = MovieProjectTests/Info.plist;
				IPHONEOS_DEPLOYMENT_TARGET = 13.5;
				LD_RUNPATH_SEARCH_PATHS = (
					"$(inherited)",
					"@executable_path/Frameworks",
					"@loader_path/Frameworks",
				);
				PRODUCT_BUNDLE_IDENTIFIER = dapavlov.MovieProjectTests;
				PRODUCT_NAME = "$(TARGET_NAME)";
				SWIFT_VERSION = 5.0;
				TARGETED_DEVICE_FAMILY = "1,2";
				TEST_HOST = "$(BUILT_PRODUCTS_DIR)/MovieProject.app/MovieProject";
			};
			name = Debug;
		};
		53BF762224AD362800526B3D /* Release */ = {
			isa = XCBuildConfiguration;
			buildSettings = {
				ALWAYS_EMBED_SWIFT_STANDARD_LIBRARIES = YES;
				BUNDLE_LOADER = "$(TEST_HOST)";
				CODE_SIGN_STYLE = Automatic;
				INFOPLIST_FILE = MovieProjectTests/Info.plist;
				IPHONEOS_DEPLOYMENT_TARGET = 13.5;
				LD_RUNPATH_SEARCH_PATHS = (
					"$(inherited)",
					"@executable_path/Frameworks",
					"@loader_path/Frameworks",
				);
				PRODUCT_BUNDLE_IDENTIFIER = dapavlov.MovieProjectTests;
				PRODUCT_NAME = "$(TARGET_NAME)";
				SWIFT_VERSION = 5.0;
				TARGETED_DEVICE_FAMILY = "1,2";
				TEST_HOST = "$(BUILT_PRODUCTS_DIR)/MovieProject.app/MovieProject";
			};
			name = Release;
		};
		53BF762424AD362800526B3D /* Debug */ = {
			isa = XCBuildConfiguration;
			buildSettings = {
				ALWAYS_EMBED_SWIFT_STANDARD_LIBRARIES = YES;
				CODE_SIGN_STYLE = Automatic;
				INFOPLIST_FILE = MovieProjectUITests/Info.plist;
				LD_RUNPATH_SEARCH_PATHS = (
					"$(inherited)",
					"@executable_path/Frameworks",
					"@loader_path/Frameworks",
				);
				PRODUCT_BUNDLE_IDENTIFIER = dapavlov.MovieProjectUITests;
				PRODUCT_NAME = "$(TARGET_NAME)";
				SWIFT_VERSION = 5.0;
				TARGETED_DEVICE_FAMILY = "1,2";
				TEST_TARGET_NAME = MovieProject;
			};
			name = Debug;
		};
		53BF762524AD362800526B3D /* Release */ = {
			isa = XCBuildConfiguration;
			buildSettings = {
				ALWAYS_EMBED_SWIFT_STANDARD_LIBRARIES = YES;
				CODE_SIGN_STYLE = Automatic;
				INFOPLIST_FILE = MovieProjectUITests/Info.plist;
				LD_RUNPATH_SEARCH_PATHS = (
					"$(inherited)",
					"@executable_path/Frameworks",
					"@loader_path/Frameworks",
				);
				PRODUCT_BUNDLE_IDENTIFIER = dapavlov.MovieProjectUITests;
				PRODUCT_NAME = "$(TARGET_NAME)";
				SWIFT_VERSION = 5.0;
				TARGETED_DEVICE_FAMILY = "1,2";
				TEST_TARGET_NAME = MovieProject;
			};
			name = Release;
		};
/* End XCBuildConfiguration section */

/* Begin XCConfigurationList section */
		53BF75EB24AD362600526B3D /* Build configuration list for PBXProject "MovieProject" */ = {
			isa = XCConfigurationList;
			buildConfigurations = (
				53BF761B24AD362800526B3D /* Debug */,
				53BF761C24AD362800526B3D /* Release */,
			);
			defaultConfigurationIsVisible = 0;
			defaultConfigurationName = Release;
		};
		53BF761D24AD362800526B3D /* Build configuration list for PBXNativeTarget "MovieProject" */ = {
			isa = XCConfigurationList;
			buildConfigurations = (
				53BF761E24AD362800526B3D /* Debug */,
				53BF761F24AD362800526B3D /* Release */,
			);
			defaultConfigurationIsVisible = 0;
			defaultConfigurationName = Release;
		};
		53BF762024AD362800526B3D /* Build configuration list for PBXNativeTarget "MovieProjectTests" */ = {
			isa = XCConfigurationList;
			buildConfigurations = (
				53BF762124AD362800526B3D /* Debug */,
				53BF762224AD362800526B3D /* Release */,
			);
			defaultConfigurationIsVisible = 0;
			defaultConfigurationName = Release;
		};
		53BF762324AD362800526B3D /* Build configuration list for PBXNativeTarget "MovieProjectUITests" */ = {
			isa = XCConfigurationList;
			buildConfigurations = (
				53BF762424AD362800526B3D /* Debug */,
				53BF762524AD362800526B3D /* Release */,
			);
			defaultConfigurationIsVisible = 0;
			defaultConfigurationName = Release;
		};
/* End XCConfigurationList section */

/* Begin XCVersionGroup section */
		53BF75FC24AD362600526B3D /* MovieProject.xcdatamodeld */ = {
			isa = XCVersionGroup;
			children = (
				53BF75FD24AD362600526B3D /* MovieProject.xcdatamodel */,
			);
			currentVersion = 53BF75FD24AD362600526B3D /* MovieProject.xcdatamodel */;
			path = MovieProject.xcdatamodeld;
			sourceTree = "<group>";
			versionGroupType = wrapper.xcdatamodel;
		};
/* End XCVersionGroup section */
	};
	rootObject = 53BF75E824AD362600526B3D /* Project object */;
}
